
Microsoft Visual Studio Solution File, Format Version 12.00
# Visual Studio 15
VisualStudioVersion = 15.0.28307.106
MinimumVisualStudioVersion = 10.0.40219.1
Project("{FAE04EC0-301F-11D3-BF4B-00C04F79EFBC}") = "Webcam_AForge_Edition", "Webcam_AForge_Edition\Webcam_AForge_Edition.csproj", "{D4E8B4C0-7177-4763-BE43-CEB27C27CB27}"
EndProject
Global
	GlobalSection(SolutionConfigurationPlatforms) = preSolution
		Debug|Any CPU = Debug|Any CPU
		Release|Any CPU = Release|Any CPU
	EndGlobalSection
	GlobalSection(ProjectConfigurationPlatforms) = postSolution
		{D4E8B4C0-7177-4763-BE43-CEB27C27CB27}.Debug|Any CPU.ActiveCfg = Debug|Any CPU
		{D4E8B4C0-7177-4763-BE43-CEB27C27CB27}.Debug|Any CPU.Build.0 = Debug|Any CPU
		{D4E8B4C0-7177-4763-BE43-CEB27C27CB27}.Release|Any CPU.ActiveCfg = Release|Any CPU
		{D4E8B4C0-7177-4763-BE43-CEB27C27CB27}.Release|Any CPU.Build.0 = Release|Any CPU
	EndGlobalSection
	GlobalSection(SolutionProperties) = preSolution
		HideSolutionNode = FALSE
	EndGlobalSection
	GlobalSection(ExtensibilityGlobals) = postSolution
		SolutionGuid = {8A1CD623-02AC-4E86-A51B-9F7C694DF0D4}
	EndGlobalSection
EndGlobal
